
Microsoft Visual Studio Solution File, Format Version 12.00
# Visual Studio 15
VisualStudioVersion = 15.0.26124.0
MinimumVisualStudioVersion = 15.0.26124.0
Project("{2150E333-8FDC-42A3-9474-1A3956D46DE8}") = "src", "src", "{F5587562-DE33-4EE7-A333-FDF422690DF9}"
EndProject
Project("{2150E333-8FDC-42A3-9474-1A3956D46DE8}") = "MagicCollectionHelper", "MagicCollectionHelper", "{D72F57F7-919B-4277-AFA3-CABD07AF92F3}"
EndProject
Project("{F2A71F9B-5D33-465A-A702-920D77279786}") = "MagicCollectionHelper.Core", "src\MagicCollectionHelper\Core\MagicCollectionHelper.Core.fsproj", "{B95D9EBD-9168-4208-88FA-DBDDFDC1ED95}"
EndProject
Project("{F2A71F9B-5D33-465A-A702-920D77279786}") = "MagicCollectionHelper.AvaloniaApp", "src\MagicCollectionHelper\AvaloniaApp\MagicCollectionHelper.AvaloniaApp.fsproj", "{FFA982A7-8DFE-4F80-8340-BACE6949B096}"
EndProject
Project("{2150E333-8FDC-42A3-9474-1A3956D46DE8}") = "third-party", "third-party", "{801AB07F-D351-4734-B32C-47330BDE4B1B}"
EndProject
Project("{2150E333-8FDC-42A3-9474-1A3956D46DE8}") = "Avalonia.FuncUI", "Avalonia.FuncUI", "{6224A29E-AD01-452A-B92F-05D94CD67471}"
EndProject
Project("{2150E333-8FDC-42A3-9474-1A3956D46DE8}") = "src", "src", "{3DE734B0-C187-4491-9831-D150A5093983}"
EndProject
Project("{F2A71F9B-5D33-465A-A702-920D77279786}") = "Avalonia.FuncUI", "third-party\Avalonia.FuncUI\src\Avalonia.FuncUI\Avalonia.FuncUI.fsproj", "{95B76170-7E4C-405B-B268-8B1AFCB6C7F2}"
EndProject
Project("{F2A71F9B-5D33-465A-A702-920D77279786}") = "Avalonia.FuncUI.DSL", "third-party\Avalonia.FuncUI\src\Avalonia.FuncUI.DSL\Avalonia.FuncUI.DSL.fsproj", "{BA1F301A-3AB8-40DC-AF2C-69968F1F5F62}"
EndProject
Project("{F2A71F9B-5D33-465A-A702-920D77279786}") = "Avalonia.FuncUI.Elmish", "third-party\Avalonia.FuncUI\src\Avalonia.FuncUI.Elmish\Avalonia.FuncUI.Elmish.fsproj", "{D9315DE6-2070-48FC-B2EF-F6749243D1FD}"
EndProject
Project("{2150E333-8FDC-42A3-9474-1A3956D46DE8}") = "tests", "tests", "{FED57D0C-A407-4775-AFCF-533EE3EA0808}"
EndProject
Project("{2150E333-8FDC-42A3-9474-1A3956D46DE8}") = "MagicCollectionHelper", "MagicCollectionHelper", "{F8729A54-1324-495A-B0EB-2CE8A64D5FF9}"
EndProject
Project("{2150E333-8FDC-42A3-9474-1A3956D46DE8}") = "Tests", "Tests", "{62A38021-0BD8-45D8-B689-BD404C57A646}"
EndProject
Project("{F2A71F9B-5D33-465A-A702-920D77279786}") = "MagicCollectionHelper.Tests.Core", "tests\MagicCollectionHelper\Tests\Core\MagicCollectionHelper.Tests.Core.fsproj", "{D165E786-2633-43CF-A175-BB1539B1B386}"
EndProject
Global
	GlobalSection(SolutionConfigurationPlatforms) = preSolution
		Debug|Any CPU = Debug|Any CPU
		Debug|x64 = Debug|x64
		Debug|x86 = Debug|x86
		Release|Any CPU = Release|Any CPU
		Release|x64 = Release|x64
		Release|x86 = Release|x86
	EndGlobalSection
	GlobalSection(SolutionProperties) = preSolution
		HideSolutionNode = FALSE
	EndGlobalSection
	GlobalSection(ProjectConfigurationPlatforms) = postSolution
		{B95D9EBD-9168-4208-88FA-DBDDFDC1ED95}.Debug|Any CPU.ActiveCfg = Debug|Any CPU
		{B95D9EBD-9168-4208-88FA-DBDDFDC1ED95}.Debug|Any CPU.Build.0 = Debug|Any CPU
		{B95D9EBD-9168-4208-88FA-DBDDFDC1ED95}.Debug|x64.ActiveCfg = Debug|Any CPU
		{B95D9EBD-9168-4208-88FA-DBDDFDC1ED95}.Debug|x64.Build.0 = Debug|Any CPU
		{B95D9EBD-9168-4208-88FA-DBDDFDC1ED95}.Debug|x86.ActiveCfg = Debug|Any CPU
		{B95D9EBD-9168-4208-88FA-DBDDFDC1ED95}.Debug|x86.Build.0 = Debug|Any CPU
		{B95D9EBD-9168-4208-88FA-DBDDFDC1ED95}.Release|Any CPU.ActiveCfg = Release|Any CPU
		{B95D9EBD-9168-4208-88FA-DBDDFDC1ED95}.Release|Any CPU.Build.0 = Release|Any CPU
		{B95D9EBD-9168-4208-88FA-DBDDFDC1ED95}.Release|x64.ActiveCfg = Release|Any CPU
		{B95D9EBD-9168-4208-88FA-DBDDFDC1ED95}.Release|x64.Build.0 = Release|Any CPU
		{B95D9EBD-9168-4208-88FA-DBDDFDC1ED95}.Release|x86.ActiveCfg = Release|Any CPU
		{B95D9EBD-9168-4208-88FA-DBDDFDC1ED95}.Release|x86.Build.0 = Release|Any CPU
		{FFA982A7-8DFE-4F80-8340-BACE6949B096}.Debug|Any CPU.ActiveCfg = Debug|Any CPU
		{FFA982A7-8DFE-4F80-8340-BACE6949B096}.Debug|Any CPU.Build.0 = Debug|Any CPU
		{FFA982A7-8DFE-4F80-8340-BACE6949B096}.Debug|x64.ActiveCfg = Debug|Any CPU
		{FFA982A7-8DFE-4F80-8340-BACE6949B096}.Debug|x64.Build.0 = Debug|Any CPU
		{FFA982A7-8DFE-4F80-8340-BACE6949B096}.Debug|x86.ActiveCfg = Debug|Any CPU
		{FFA982A7-8DFE-4F80-8340-BACE6949B096}.Debug|x86.Build.0 = Debug|Any CPU
		{FFA982A7-8DFE-4F80-8340-BACE6949B096}.Release|Any CPU.ActiveCfg = Release|Any CPU
		{FFA982A7-8DFE-4F80-8340-BACE6949B096}.Release|Any CPU.Build.0 = Release|Any CPU
		{FFA982A7-8DFE-4F80-8340-BACE6949B096}.Release|x64.ActiveCfg = Release|Any CPU
		{FFA982A7-8DFE-4F80-8340-BACE6949B096}.Release|x64.Build.0 = Release|Any CPU
		{FFA982A7-8DFE-4F80-8340-BACE6949B096}.Release|x86.ActiveCfg = Release|Any CPU
		{FFA982A7-8DFE-4F80-8340-BACE6949B096}.Release|x86.Build.0 = Release|Any CPU
		{95B76170-7E4C-405B-B268-8B1AFCB6C7F2}.Debug|Any CPU.ActiveCfg = Debug|Any CPU
		{95B76170-7E4C-405B-B268-8B1AFCB6C7F2}.Debug|Any CPU.Build.0 = Debug|Any CPU
		{95B76170-7E4C-405B-B268-8B1AFCB6C7F2}.Debug|x64.ActiveCfg = Debug|Any CPU
		{95B76170-7E4C-405B-B268-8B1AFCB6C7F2}.Debug|x64.Build.0 = Debug|Any CPU
		{95B76170-7E4C-405B-B268-8B1AFCB6C7F2}.Debug|x86.ActiveCfg = Debug|Any CPU
		{95B76170-7E4C-405B-B268-8B1AFCB6C7F2}.Debug|x86.Build.0 = Debug|Any CPU
		{95B76170-7E4C-405B-B268-8B1AFCB6C7F2}.Release|Any CPU.ActiveCfg = Release|Any CPU
		{95B76170-7E4C-405B-B268-8B1AFCB6C7F2}.Release|Any CPU.Build.0 = Release|Any CPU
		{95B76170-7E4C-405B-B268-8B1AFCB6C7F2}.Release|x64.ActiveCfg = Release|Any CPU
		{95B76170-7E4C-405B-B268-8B1AFCB6C7F2}.Release|x64.Build.0 = Release|Any CPU
		{95B76170-7E4C-405B-B268-8B1AFCB6C7F2}.Release|x86.ActiveCfg = Release|Any CPU
		{95B76170-7E4C-405B-B268-8B1AFCB6C7F2}.Release|x86.Build.0 = Release|Any CPU
		{BA1F301A-3AB8-40DC-AF2C-69968F1F5F62}.Debug|Any CPU.ActiveCfg = Debug|Any CPU
		{BA1F301A-3AB8-40DC-AF2C-69968F1F5F62}.Debug|Any CPU.Build.0 = Debug|Any CPU
		{BA1F301A-3AB8-40DC-AF2C-69968F1F5F62}.Debug|x64.ActiveCfg = Debug|Any CPU
		{BA1F301A-3AB8-40DC-AF2C-69968F1F5F62}.Debug|x64.Build.0 = Debug|Any CPU
		{BA1F301A-3AB8-40DC-AF2C-69968F1F5F62}.Debug|x86.ActiveCfg = Debug|Any CPU
		{BA1F301A-3AB8-40DC-AF2C-69968F1F5F62}.Debug|x86.Build.0 = Debug|Any CPU
		{BA1F301A-3AB8-40DC-AF2C-69968F1F5F62}.Release|Any CPU.ActiveCfg = Release|Any CPU
		{BA1F301A-3AB8-40DC-AF2C-69968F1F5F62}.Release|Any CPU.Build.0 = Release|Any CPU
		{BA1F301A-3AB8-40DC-AF2C-69968F1F5F62}.Release|x64.ActiveCfg = Release|Any CPU
		{BA1F301A-3AB8-40DC-AF2C-69968F1F5F62}.Release|x64.Build.0 = Release|Any CPU
		{BA1F301A-3AB8-40DC-AF2C-69968F1F5F62}.Release|x86.ActiveCfg = Release|Any CPU
		{BA1F301A-3AB8-40DC-AF2C-69968F1F5F62}.Release|x86.Build.0 = Release|Any CPU
		{D9315DE6-2070-48FC-B2EF-F6749243D1FD}.Debug|Any CPU.ActiveCfg = Debug|Any CPU
		{D9315DE6-2070-48FC-B2EF-F6749243D1FD}.Debug|Any CPU.Build.0 = Debug|Any CPU
		{D9315DE6-2070-48FC-B2EF-F6749243D1FD}.Debug|x64.ActiveCfg = Debug|Any CPU
		{D9315DE6-2070-48FC-B2EF-F6749243D1FD}.Debug|x64.Build.0 = Debug|Any CPU
		{D9315DE6-2070-48FC-B2EF-F6749243D1FD}.Debug|x86.ActiveCfg = Debug|Any CPU
		{D9315DE6-2070-48FC-B2EF-F6749243D1FD}.Debug|x86.Build.0 = Debug|Any CPU
		{D9315DE6-2070-48FC-B2EF-F6749243D1FD}.Release|Any CPU.ActiveCfg = Release|Any CPU
		{D9315DE6-2070-48FC-B2EF-F6749243D1FD}.Release|Any CPU.Build.0 = Release|Any CPU
		{D9315DE6-2070-48FC-B2EF-F6749243D1FD}.Release|x64.ActiveCfg = Release|Any CPU
		{D9315DE6-2070-48FC-B2EF-F6749243D1FD}.Release|x64.Build.0 = Release|Any CPU
		{D9315DE6-2070-48FC-B2EF-F6749243D1FD}.Release|x86.ActiveCfg = Release|Any CPU
		{D9315DE6-2070-48FC-B2EF-F6749243D1FD}.Release|x86.Build.0 = Release|Any CPU
		{D165E786-2633-43CF-A175-BB1539B1B386}.Debug|Any CPU.ActiveCfg = Debug|Any CPU
		{D165E786-2633-43CF-A175-BB1539B1B386}.Debug|Any CPU.Build.0 = Debug|Any CPU
		{D165E786-2633-43CF-A175-BB1539B1B386}.Debug|x64.ActiveCfg = Debug|Any CPU
		{D165E786-2633-43CF-A175-BB1539B1B386}.Debug|x64.Build.0 = Debug|Any CPU
		{D165E786-2633-43CF-A175-BB1539B1B386}.Debug|x86.ActiveCfg = Debug|Any CPU
		{D165E786-2633-43CF-A175-BB1539B1B386}.Debug|x86.Build.0 = Debug|Any CPU
		{D165E786-2633-43CF-A175-BB1539B1B386}.Release|Any CPU.ActiveCfg = Release|Any CPU
		{D165E786-2633-43CF-A175-BB1539B1B386}.Release|Any CPU.Build.0 = Release|Any CPU
		{D165E786-2633-43CF-A175-BB1539B1B386}.Release|x64.ActiveCfg = Release|Any CPU
		{D165E786-2633-43CF-A175-BB1539B1B386}.Release|x64.Build.0 = Release|Any CPU
		{D165E786-2633-43CF-A175-BB1539B1B386}.Release|x86.ActiveCfg = Release|Any CPU
		{D165E786-2633-43CF-A175-BB1539B1B386}.Release|x86.Build.0 = Release|Any CPU
	EndGlobalSection
	GlobalSection(NestedProjects) = preSolution
		{D72F57F7-919B-4277-AFA3-CABD07AF92F3} = {F5587562-DE33-4EE7-A333-FDF422690DF9}
		{B95D9EBD-9168-4208-88FA-DBDDFDC1ED95} = {D72F57F7-919B-4277-AFA3-CABD07AF92F3}
		{FFA982A7-8DFE-4F80-8340-BACE6949B096} = {D72F57F7-919B-4277-AFA3-CABD07AF92F3}
		{6224A29E-AD01-452A-B92F-05D94CD67471} = {801AB07F-D351-4734-B32C-47330BDE4B1B}
		{3DE734B0-C187-4491-9831-D150A5093983} = {6224A29E-AD01-452A-B92F-05D94CD67471}
		{95B76170-7E4C-405B-B268-8B1AFCB6C7F2} = {3DE734B0-C187-4491-9831-D150A5093983}
		{BA1F301A-3AB8-40DC-AF2C-69968F1F5F62} = {3DE734B0-C187-4491-9831-D150A5093983}
		{D9315DE6-2070-48FC-B2EF-F6749243D1FD} = {3DE734B0-C187-4491-9831-D150A5093983}
		{F8729A54-1324-495A-B0EB-2CE8A64D5FF9} = {FED57D0C-A407-4775-AFCF-533EE3EA0808}
		{62A38021-0BD8-45D8-B689-BD404C57A646} = {F8729A54-1324-495A-B0EB-2CE8A64D5FF9}
		{D165E786-2633-43CF-A175-BB1539B1B386} = {62A38021-0BD8-45D8-B689-BD404C57A646}
	EndGlobalSection
EndGlobal
